// !$*UTF8*$!
{
	archiveVersion = 1;
	classes = {
	};
	objectVersion = 77;
	objects = {

/* Begin PBXContainerItemProxy section */
		64BCE7582CD793FB008AAFFA /* PBXContainerItemProxy */ = {
			isa = PBXContainerItemProxy;
			containerPortal = 64BCE7392CD793F8008AAFFA /* Project object */;
			proxyType = 1;
			remoteGlobalIDString = 64BCE7402CD793F8008AAFFA;
			remoteInfo = myLoop;
		};
		64BCE7622CD793FB008AAFFA /* PBXContainerItemProxy */ = {
			isa = PBXContainerItemProxy;
			containerPortal = 64BCE7392CD793F8008AAFFA /* Project object */;
			proxyType = 1;
			remoteGlobalIDString = 64BCE7402CD793F8008AAFFA;
			remoteInfo = myLoop;
		};
/* End PBXContainerItemProxy section */

/* Begin PBXFileReference section */
		64BCE7412CD793F8008AAFFA /* myLoop.app */ = {isa = PBXFileReference; explicitFileType = wrapper.application; includeInIndex = 0; path = myLoop.app; sourceTree = BUILT_PRODUCTS_DIR; };
		64BCE7572CD793FB008AAFFA /* myLoopTests.xctest */ = {isa = PBXFileReference; explicitFileType = wrapper.cfbundle; includeInIndex = 0; path = myLoopTests.xctest; sourceTree = BUILT_PRODUCTS_DIR; };
		64BCE7612CD793FB008AAFFA /* myLoopUITests.xctest */ = {isa = PBXFileReference; explicitFileType = wrapper.cfbundle; includeInIndex = 0; path = myLoopUITests.xctest; sourceTree = BUILT_PRODUCTS_DIR; };
/* End PBXFileReference section */

/* Begin PBXFileSystemSynchronizedBuildFileExceptionSet section */
		64BCE7692CD793FB008AAFFA /* Exceptions for "myLoop" folder in "myLoop" target */ = {
			isa = PBXFileSystemSynchronizedBuildFileExceptionSet;
			membershipExceptions = (
				Info.plist,
			);
			target = 64BCE7402CD793F8008AAFFA /* myLoop */;
		};
/* End PBXFileSystemSynchronizedBuildFileExceptionSet section */

/* Begin PBXFileSystemSynchronizedRootGroup section */
		64BCE7432CD793F8008AAFFA /* myLoop */ = {
			isa = PBXFileSystemSynchronizedRootGroup;
			exceptions = (
				64BCE7692CD793FB008AAFFA /* Exceptions for "myLoop" folder in "myLoop" target */,
			);
			path = myLoop;
			sourceTree = "<group>";
		};
		64BCE75A2CD793FB008AAFFA /* myLoopTests */ = {
			isa = PBXFileSystemSynchronizedRootGroup;
			path = myLoopTests;
			sourceTree = "<group>";
		};
		64BCE7642CD793FB008AAFFA /* myLoopUITests */ = {
			isa = PBXFileSystemSynchronizedRootGroup;
			path = myLoopUITests;
			sourceTree = "<group>";
		};
/* End PBXFileSystemSynchronizedRootGroup section */

/* Begin PBXFrameworksBuildPhase section */
		64BCE73E2CD793F8008AAFFA /* Frameworks */ = {
			isa = PBXFrameworksBuildPhase;
			buildActionMask = 2147483647;
			files = (
			);
			runOnlyForDeploymentPostprocessing = 0;
		};
		64BCE7542CD793FB008AAFFA /* Frameworks */ = {
			isa = PBXFrameworksBuildPhase;
			buildActionMask = 2147483647;
			files = (
			);
			runOnlyForDeploymentPostprocessing = 0;
		};
		64BCE75E2CD793FB008AAFFA /* Frameworks */ = {
			isa = PBXFrameworksBuildPhase;
			buildActionMask = 2147483647;
			files = (
			);
			runOnlyForDeploymentPostprocessing = 0;
		};
/* End PBXFrameworksBuildPhase section */

/* Begin PBXGroup section */
		64BCE7382CD793F8008AAFFA = {
			isa = PBXGroup;
			children = (
				64BCE7432CD793F8008AAFFA /* myLoop */,
				64BCE75A2CD793FB008AAFFA /* myLoopTests */,
				64BCE7642CD793FB008AAFFA /* myLoopUITests */,
				64BCE7422CD793F8008AAFFA /* Products */,
			);
			sourceTree = "<group>";
		};
		64BCE7422CD793F8008AAFFA /* Products */ = {
			isa = PBXGroup;
			children = (
				64BCE7412CD793F8008AAFFA /* myLoop.app */,
				64BCE7572CD793FB008AAFFA /* myLoopTests.xctest */,
				64BCE7612CD793FB008AAFFA /* myLoopUITests.xctest */,
			);
			name = Products;
			sourceTree = "<group>";
		};
/* End PBXGroup section */

/* Begin PBXNativeTarget section */
		64BCE7402CD793F8008AAFFA /* myLoop */ = {
			isa = PBXNativeTarget;
			buildConfigurationList = 64BCE76A2CD793FB008AAFFA /* Build configuration list for PBXNativeTarget "myLoop" */;
			buildPhases = (
				64BCE73D2CD793F8008AAFFA /* Sources */,
				64BCE73E2CD793F8008AAFFA /* Frameworks */,
				64BCE73F2CD793F8008AAFFA /* Resources */,
			);
			buildRules = (
			);
			dependencies = (
			);
			fileSystemSynchronizedGroups = (
				64BCE7432CD793F8008AAFFA /* myLoop */,
			);
			name = myLoop;
			packageProductDependencies = (
			);
			productName = myLoop;
			productReference = 64BCE7412CD793F8008AAFFA /* myLoop.app */;
			productType = "com.apple.product-type.application";
		};
		64BCE7562CD793FB008AAFFA /* myLoopTests */ = {
			isa = PBXNativeTarget;
			buildConfigurationList = 64BCE76F2CD793FB008AAFFA /* Build configuration list for PBXNativeTarget "myLoopTests" */;
			buildPhases = (
				64BCE7532CD793FB008AAFFA /* Sources */,
				64BCE7542CD793FB008AAFFA /* Frameworks */,
				64BCE7552CD793FB008AAFFA /* Resources */,
			);
			buildRules = (
			);
			dependencies = (
				64BCE7592CD793FB008AAFFA /* PBXTargetDependency */,
			);
			fileSystemSynchronizedGroups = (
				64BCE75A2CD793FB008AAFFA /* myLoopTests */,
			);
			name = myLoopTests;
			packageProductDependencies = (
			);
			productName = myLoopTests;
			productReference = 64BCE7572CD793FB008AAFFA /* myLoopTests.xctest */;
			productType = "com.apple.product-type.bundle.unit-test";
		};
		64BCE7602CD793FB008AAFFA /* myLoopUITests */ = {
			isa = PBXNativeTarget;
			buildConfigurationList = 64BCE7722CD793FB008AAFFA /* Build configuration list for PBXNativeTarget "myLoopUITests" */;
			buildPhases = (
				64BCE75D2CD793FB008AAFFA /* Sources */,
				64BCE75E2CD793FB008AAFFA /* Frameworks */,
				64BCE75F2CD793FB008AAFFA /* Resources */,
			);
			buildRules = (
			);
			dependencies = (
				64BCE7632CD793FB008AAFFA /* PBXTargetDependency */,
			);
			fileSystemSynchronizedGroups = (
				64BCE7642CD793FB008AAFFA /* myLoopUITests */,
			);
			name = myLoopUITests;
			packageProductDependencies = (
			);
			productName = myLoopUITests;
			productReference = 64BCE7612CD793FB008AAFFA /* myLoopUITests.xctest */;
			productType = "com.apple.product-type.bundle.ui-testing";
		};
/* End PBXNativeTarget section */

/* Begin PBXProject section */
		64BCE7392CD793F8008AAFFA /* Project object */ = {
			isa = PBXProject;
			attributes = {
				BuildIndependentTargetsInParallel = 1;
				LastSwiftUpdateCheck = 1610;
				LastUpgradeCheck = 1610;
				TargetAttributes = {
					64BCE7402CD793F8008AAFFA = {
						CreatedOnToolsVersion = 16.1;
					};
					64BCE7562CD793FB008AAFFA = {
						CreatedOnToolsVersion = 16.1;
						TestTargetID = 64BCE7402CD793F8008AAFFA;
					};
					64BCE7602CD793FB008AAFFA = {
						CreatedOnToolsVersion = 16.1;
						TestTargetID = 64BCE7402CD793F8008AAFFA;
					};
				};
			};
			buildConfigurationList = 64BCE73C2CD793F8008AAFFA /* Build configuration list for PBXProject "myLoop" */;
			developmentRegion = en;
			hasScannedForEncodings = 0;
			knownRegions = (
				en,
				Base,
			);
			mainGroup = 64BCE7382CD793F8008AAFFA;
			minimizedProjectReferenceProxies = 1;
			preferredProjectObjectVersion = 77;
			productRefGroup = 64BCE7422CD793F8008AAFFA /* Products */;
			projectDirPath = "";
			projectRoot = "";
			targets = (
				64BCE7402CD793F8008AAFFA /* myLoop */,
				64BCE7562CD793FB008AAFFA /* myLoopTests */,
				64BCE7602CD793FB008AAFFA /* myLoopUITests */,
			);
		};
/* End PBXProject section */

/* Begin PBXResourcesBuildPhase section */
		64BCE73F2CD793F8008AAFFA /* Resources */ = {
			isa = PBXResourcesBuildPhase;
			buildActionMask = 2147483647;
			files = (
			);
			runOnlyForDeploymentPostprocessing = 0;
		};
		64BCE7552CD793FB008AAFFA /* Resources */ = {
			isa = PBXResourcesBuildPhase;
			buildActionMask = 2147483647;
			files = (
			);
			runOnlyForDeploymentPostprocessing = 0;
		};
		64BCE75F2CD793FB008AAFFA /* Resources */ = {
			isa = PBXResourcesBuildPhase;
			buildActionMask = 2147483647;
			files = (
			);
			runOnlyForDeploymentPostprocessing = 0;
		};
/* End PBXResourcesBuildPhase section */

/* Begin PBXSourcesBuildPhase section */
		64BCE73D2CD793F8008AAFFA /* Sources */ = {
			isa = PBXSourcesBuildPhase;
			buildActionMask = 2147483647;
			files = (
			);
			runOnlyForDeploymentPostprocessing = 0;
		};
		64BCE7532CD793FB008AAFFA /* Sources */ = {
			isa = PBXSourcesBuildPhase;
			buildActionMask = 2147483647;
			files = (
			);
			runOnlyForDeploymentPostprocessing = 0;
		};
		64BCE75D2CD793FB008AAFFA /* Sources */ = {
			isa = PBXSourcesBuildPhase;
			buildActionMask = 2147483647;
			files = (
			);
			runOnlyForDeploymentPostprocessing = 0;
		};
/* End PBXSourcesBuildPhase section */

/* Begin PBXTargetDependency section */
		64BCE7592CD793FB008AAFFA /* PBXTargetDependency */ = {
			isa = PBXTargetDependency;
			target = 64BCE7402CD793F8008AAFFA /* myLoop */;
			targetProxy = 64BCE7582CD793FB008AAFFA /* PBXContainerItemProxy */;
		};
		64BCE7632CD793FB008AAFFA /* PBXTargetDependency */ = {
			isa = PBXTargetDependency;
			target = 64BCE7402CD793F8008AAFFA /* myLoop */;
			targetProxy = 64BCE7622CD793FB008AAFFA /* PBXContainerItemProxy */;
		};
/* End PBXTargetDependency section */

/* Begin XCBuildConfiguration section */
		64BCE76B2CD793FB008AAFFA /* Debug */ = {
			isa = XCBuildConfiguration;
			buildSettings = {
				ASSETCATALOG_COMPILER_APPICON_NAME = AppIcon;
				ASSETCATALOG_COMPILER_GLOBAL_ACCENT_COLOR_NAME = AccentColor;
				CODE_SIGN_STYLE = Automatic;
				CURRENT_PROJECT_VERSION = 1;
				DEVELOPMENT_TEAM = L6PCJYU65M;
				GENERATE_INFOPLIST_FILE = YES;
				INFOPLIST_FILE = myLoop/Info.plist;
				INFOPLIST_KEY_UIApplicationSupportsIndirectInputEvents = YES;
				INFOPLIST_KEY_UILaunchStoryboardName = LaunchScreen;
				INFOPLIST_KEY_UIMainStoryboardFile = Main;
				INFOPLIST_KEY_UISupportedInterfaceOrientations_iPad = "UIInterfaceOrientationPortrait UIInterfaceOrientationPortraitUpsideDown UIInterfaceOrientationLandscapeLeft UIInterfaceOrientationLandscapeRight";
				INFOPLIST_KEY_UISupportedInterfaceOrientations_iPhone = "UIInterfaceOrientationPortrait UIInterfaceOrientationLandscapeLeft UIInterfaceOrientationLandscapeRight";
				LD_RUNPATH_SEARCH_PATHS = (
					"$(inherited)",
					"@executable_path/Frameworks",
				);
				MARKETING_VERSION = 1.0;
				PRODUCT_BUNDLE_IDENTIFIER = de.projektrot.www.myLoop;
				PRODUCT_NAME = "$(TARGET_NAME)";
				SWIFT_EMIT_LOC_STRINGS = YES;
				SWIFT_VERSION = 5.0;
				TARGETED_DEVICE_FAMILY = "1,2";
			};
			name = Debug;
		};
		64BCE76C2CD793FB008AAFFA /* Release */ = {
			isa = XCBuildConfiguration;
			buildSettings = {
				ASSETCATALOG_COMPILER_APPICON_NAME = AppIcon;
				ASSETCATALOG_COMPILER_GLOBAL_ACCENT_COLOR_NAME = AccentColor;
				CODE_SIGN_STYLE = Automatic;
				CURRENT_PROJECT_VERSION = 1;
				DEVELOPMENT_TEAM = L6PCJYU65M;
				GENERATE_INFOPLIST_FILE = YES;
				INFOPLIST_FILE = myLoop/Info.plist;
				INFOPLIST_KEY_UIApplicationSupportsIndirectInputEvents = YES;
				INFOPLIST_KEY_UILaunchStoryboardName = LaunchScreen;
				INFOPLIST_KEY_UIMainStoryboardFile = Main;
				INFOPLIST_KEY_UISupportedInterfaceOrientations_iPad = "UIInterfaceOrientationPortrait UIInterfaceOrientationPortraitUpsideDown UIInterfaceOrientationLandscapeLeft UIInterfaceOrientationLandscapeRight";
				INFOPLIST_KEY_UISupportedInterfaceOrientations_iPhone = "UIInterfaceOrientationPortrait UIInterfaceOrientationLandscapeLeft UIInterfaceOrientationLandscapeRight";
				LD_RUNPATH_SEARCH_PATHS = (
					"$(inherited)",
					"@executable_path/Frameworks",
				);
				MARKETING_VERSION = 1.0;
				PRODUCT_BUNDLE_IDENTIFIER = de.projektrot.www.myLoop;
				PRODUCT_NAME = "$(TARGET_NAME)";
				SWIFT_EMIT_LOC_STRINGS = YES;
				SWIFT_VERSION = 5.0;
				TARGETED_DEVICE_FAMILY = "1,2";
			};
			name = Release;
		};
		64BCE76D2CD793FB008AAFFA /* Debug */ = {
			isa = XCBuildConfiguration;
			buildSettings = {
				ALWAYS_SEARCH_USER_PATHS = NO;
				ASSETCATALOG_COMPILER_GENERATE_SWIFT_ASSET_SYMBOL_EXTENSIONS = YES;
				CLANG_ANALYZER_NONNULL = YES;
				CLANG_ANALYZER_NUMBER_OBJECT_CONVERSION = YES_AGGRESSIVE;
				CLANG_CXX_LANGUAGE_STANDARD = "gnu++20";
				CLANG_ENABLE_MODULES = YES;
				CLANG_ENABLE_OBJC_ARC = YES;
				CLANG_ENABLE_OBJC_WEAK = YES;
				CLANG_WARN_BLOCK_CAPTURE_AUTORELEASING = YES;
				CLANG_WARN_BOOL_CONVERSION = YES;
				CLANG_WARN_COMMA = YES;
				CLANG_WARN_CONSTANT_CONVERSION = YES;
				CLANG_WARN_DEPRECATED_OBJC_IMPLEMENTATIONS = YES;
				CLANG_WARN_DIRECT_OBJC_ISA_USAGE = YES_ERROR;
				CLANG_WARN_DOCUMENTATION_COMMENTS = YES;
				CLANG_WARN_EMPTY_BODY = YES;
				CLANG_WARN_ENUM_CONVERSION = YES;
				CLANG_WARN_INFINITE_RECURSION = YES;
				CLANG_WARN_INT_CONVERSION = YES;
				CLANG_WARN_NON_LITERAL_NULL_CONVERSION = YES;
				CLANG_WARN_OBJC_IMPLICIT_RETAIN_SELF = YES;
				CLANG_WARN_OBJC_LITERAL_CONVERSION = YES;
				CLANG_WARN_OBJC_ROOT_CLASS = YES_ERROR;
				CLANG_WARN_QUOTED_INCLUDE_IN_FRAMEWORK_HEADER = YES;
				CLANG_WARN_RANGE_LOOP_ANALYSIS = YES;
				CLANG_WARN_STRICT_PROTOTYPES = YES;
				CLANG_WARN_SUSPICIOUS_MOVE = YES;
				CLANG_WARN_UNGUARDED_AVAILABILITY = YES_AGGRESSIVE;
				CLANG_WARN_UNREACHABLE_CODE = YES;
				CLANG_WARN__DUPLICATE_METHOD_MATCH = YES;
				COPY_PHASE_STRIP = NO;
				DEBUG_INFORMATION_FORMAT = dwarf;
				ENABLE_STRICT_OBJC_MSGSEND = YES;
				ENABLE_TESTABILITY = YES;
				ENABLE_USER_SCRIPT_SANDBOXING = YES;
				GCC_C_LANGUAGE_STANDARD = gnu17;
				GCC_DYNAMIC_NO_PIC = NO;
				GCC_NO_COMMON_BLOCKS = YES;
				GCC_OPTIMIZATION_LEVEL = 0;
				GCC_PREPROCESSOR_DEFINITIONS = (
					"DEBUG=1",
					"$(inherited)",
				);
				GCC_WARN_64_TO_32_BIT_CONVERSION = YES;
				GCC_WARN_ABOUT_RETURN_TYPE = YES_ERROR;
				GCC_WARN_UNDECLARED_SELECTOR = YES;
				GCC_WARN_UNINITIALIZED_AUTOS = YES_AGGRESSIVE;
				GCC_WARN_UNUSED_FUNCTION = YES;
				GCC_WARN_UNUSED_VARIABLE = YES;
				IPHONEOS_DEPLOYMENT_TARGET = 18.1;
				LOCALIZATION_PREFERS_STRING_CATALOGS = YES;
				MTL_ENABLE_DEBUG_INFO = INCLUDE_SOURCE;
				MTL_FAST_MATH = YES;
				ONLY_ACTIVE_ARCH = YES;
				SDKROOT = iphoneos;
				SWIFT_ACTIVE_COMPILATION_CONDITIONS = "DEBUG $(inherited)";
				SWIFT_OPTIMIZATION_LEVEL = "-Onone";
			};
			name = Debug;
		};
		64BCE76E2CD793FB008AAFFA /* Release */ = {
			isa = XCBuildConfiguration;
			buildSettings = {
				ALWAYS_SEARCH_USER_PATHS = NO;
				ASSETCATALOG_COMPILER_GENERATE_SWIFT_ASSET_SYMBOL_EXTENSIONS = YES;
				CLANG_ANALYZER_NONNULL = YES;
				CLANG_ANALYZER_NUMBER_OBJECT_CONVERSION = YES_AGGRESSIVE;
				CLANG_CXX_LANGUAGE_STANDARD = "gnu++20";
				CLANG_ENABLE_MODULES = YES;
				CLANG_ENABLE_OBJC_ARC = YES;
				CLANG_ENABLE_OBJC_WEAK = YES;
				CLANG_WARN_BLOCK_CAPTURE_AUTORELEASING = YES;
				CLANG_WARN_BOOL_CONVERSION = YES;
				CLANG_WARN_COMMA = YES;
				CLANG_WARN_CONSTANT_CONVERSION = YES;
				CLANG_WARN_DEPRECATED_OBJC_IMPLEMENTATIONS = YES;
				CLANG_WARN_DIRECT_OBJC_ISA_USAGE = YES_ERROR;
				CLANG_WARN_DOCUMENTATION_COMMENTS = YES;
				CLANG_WARN_EMPTY_BODY = YES;
				CLANG_WARN_ENUM_CONVERSION = YES;
				CLANG_WARN_INFINITE_RECURSION = YES;
				CLANG_WARN_INT_CONVERSION = YES;
				CLANG_WARN_NON_LITERAL_NULL_CONVERSION = YES;
				CLANG_WARN_OBJC_IMPLICIT_RETAIN_SELF = YES;
				CLANG_WARN_OBJC_LITERAL_CONVERSION = YES;
				CLANG_WARN_OBJC_ROOT_CLASS = YES_ERROR;
				CLANG_WARN_QUOTED_INCLUDE_IN_FRAMEWORK_HEADER = YES;
				CLANG_WARN_RANGE_LOOP_ANALYSIS = YES;
				CLANG_WARN_STRICT_PROTOTYPES = YES;
				CLANG_WARN_SUSPICIOUS_MOVE = YES;
				CLANG_WARN_UNGUARDED_AVAILABILITY = YES_AGGRESSIVE;
				CLANG_WARN_UNREACHABLE_CODE = YES;
				CLANG_WARN__DUPLICATE_METHOD_MATCH = YES;
				COPY_PHASE_STRIP = NO;
				DEBUG_INFORMATION_FORMAT = "dwarf-with-dsym";
				ENABLE_NS_ASSERTIONS = NO;
				ENABLE_STRICT_OBJC_MSGSEND = YES;
				ENABLE_USER_SCRIPT_SANDBOXING = YES;
				GCC_C_LANGUAGE_STANDARD = gnu17;
				GCC_NO_COMMON_BLOCKS = YES;
				GCC_WARN_64_TO_32_BIT_CONVERSION = YES;
				GCC_WARN_ABOUT_RETURN_TYPE = YES_ERROR;
				GCC_WARN_UNDECLARED_SELECTOR = YES;
				GCC_WARN_UNINITIALIZED_AUTOS = YES_AGGRESSIVE;
				GCC_WARN_UNUSED_FUNCTION = YES;
				GCC_WARN_UNUSED_VARIABLE = YES;
				IPHONEOS_DEPLOYMENT_TARGET = 18.1;
				LOCALIZATION_PREFERS_STRING_CATALOGS = YES;
				MTL_ENABLE_DEBUG_INFO = NO;
				MTL_FAST_MATH = YES;
				SDKROOT = iphoneos;
				SWIFT_COMPILATION_MODE = wholemodule;
				VALIDATE_PRODUCT = YES;
			};
			name = Release;
		};
		64BCE7702CD793FB008AAFFA /* Debug */ = {
			isa = XCBuildConfiguration;
			buildSettings = {
				BUNDLE_LOADER = "$(TEST_HOST)";
				CODE_SIGN_STYLE = Automatic;
				CURRENT_PROJECT_VERSION = 1;
				DEVELOPMENT_TEAM = L6PCJYU65M;
				GENERATE_INFOPLIST_FILE = YES;
				IPHONEOS_DEPLOYMENT_TARGET = 18.1;
				MARKETING_VERSION = 1.0;
				PRODUCT_BUNDLE_IDENTIFIER = de.projektrot.www.myLoopTests;
				PRODUCT_NAME = "$(TARGET_NAME)";
				SWIFT_EMIT_LOC_STRINGS = NO;
				SWIFT_VERSION = 5.0;
				TARGETED_DEVICE_FAMILY = "1,2";
				TEST_HOST = "$(BUILT_PRODUCTS_DIR)/myLoop.app/$(BUNDLE_EXECUTABLE_FOLDER_PATH)/myLoop";
			};
			name = Debug;
		};
		64BCE7712CD793FB008AAFFA /* Release */ = {
			isa = XCBuildConfiguration;
			buildSettings = {
				BUNDLE_LOADER = "$(TEST_HOST)";
				CODE_SIGN_STYLE = Automatic;
				CURRENT_PROJECT_VERSION = 1;
				DEVELOPMENT_TEAM = L6PCJYU65M;
				GENERATE_INFOPLIST_FILE = YES;
				IPHONEOS_DEPLOYMENT_TARGET = 18.1;
				MARKETING_VERSION = 1.0;
				PRODUCT_BUNDLE_IDENTIFIER = de.projektrot.www.myLoopTests;
				PRODUCT_NAME = "$(TARGET_NAME)";
				SWIFT_EMIT_LOC_STRINGS = NO;
				SWIFT_VERSION = 5.0;
				TARGETED_DEVICE_FAMILY = "1,2";
				TEST_HOST = "$(BUILT_PRODUCTS_DIR)/myLoop.app/$(BUNDLE_EXECUTABLE_FOLDER_PATH)/myLoop";
			};
			name = Release;
		};
		64BCE7732CD793FB008AAFFA /* Debug */ = {
			isa = XCBuildConfiguration;
			buildSettings = {
				CODE_SIGN_STYLE = Automatic;
				CURRENT_PROJECT_VERSION = 1;
				DEVELOPMENT_TEAM = L6PCJYU65M;
				GENERATE_INFOPLIST_FILE = YES;
				MARKETING_VERSION = 1.0;
				PRODUCT_BUNDLE_IDENTIFIER = de.projektrot.www.myLoopUITests;
				PRODUCT_NAME = "$(TARGET_NAME)";
				SWIFT_EMIT_LOC_STRINGS = NO;
				SWIFT_VERSION = 5.0;
				TARGETED_DEVICE_FAMILY = "1,2";
				TEST_TARGET_NAME = myLoop;
			};
			name = Debug;
		};
		64BCE7742CD793FB008AAFFA /* Release */ = {
			isa = XCBuildConfiguration;
			buildSettings = {
				CODE_SIGN_STYLE = Automatic;
				CURRENT_PROJECT_VERSION = 1;
				DEVELOPMENT_TEAM = L6PCJYU65M;
				GENERATE_INFOPLIST_FILE = YES;
				MARKETING_VERSION = 1.0;
				PRODUCT_BUNDLE_IDENTIFIER = de.projektrot.www.myLoopUITests;
				PRODUCT_NAME = "$(TARGET_NAME)";
				SWIFT_EMIT_LOC_STRINGS = NO;
				SWIFT_VERSION = 5.0;
				TARGETED_DEVICE_FAMILY = "1,2";
				TEST_TARGET_NAME = myLoop;
			};
			name = Release;
		};
/* End XCBuildConfiguration section */

/* Begin XCConfigurationList section */
		64BCE73C2CD793F8008AAFFA /* Build configuration list for PBXProject "myLoop" */ = {
			isa = XCConfigurationList;
			buildConfigurations = (
				64BCE76D2CD793FB008AAFFA /* Debug */,
				64BCE76E2CD793FB008AAFFA /* Release */,
			);
			defaultConfigurationIsVisible = 0;
			defaultConfigurationName = Release;
		};
		64BCE76A2CD793FB008AAFFA /* Build configuration list for PBXNativeTarget "myLoop" */ = {
			isa = XCConfigurationList;
			buildConfigurations = (
				64BCE76B2CD793FB008AAFFA /* Debug */,
				64BCE76C2CD793FB008AAFFA /* Release */,
			);
			defaultConfigurationIsVisible = 0;
			defaultConfigurationName = Release;
		};
		64BCE76F2CD793FB008AAFFA /* Build configuration list for PBXNativeTarget "myLoopTests" */ = {
			isa = XCConfigurationList;
			buildConfigurations = (
				64BCE7702CD793FB008AAFFA /* Debug */,
				64BCE7712CD793FB008AAFFA /* Release */,
			);
			defaultConfigurationIsVisible = 0;
			defaultConfigurationName = Release;
		};
		64BCE7722CD793FB008AAFFA /* Build configuration list for PBXNativeTarget "myLoopUITests" */ = {
			isa = XCConfigurationList;
			buildConfigurations = (
				64BCE7732CD793FB008AAFFA /* Debug */,
				64BCE7742CD793FB008AAFFA /* Release */,
			);
			defaultConfigurationIsVisible = 0;
			defaultConfigurationName = Release;
		};
/* End XCConfigurationList section */
	};
	rootObject = 64BCE7392CD793F8008AAFFA /* Project object */;
}
